
Microsoft Visual Studio Solution File, Format Version 12.00
# Visual Studio Version 17
VisualStudioVersion = 17.2.32519.379
MinimumVisualStudioVersion = 10.0.40219.1
Project("{FAE04EC0-301F-11D3-BF4B-00C04F79EFBC}") = "PrimeiraWebAPI", "PrimeiraWebAPI\PrimeiraWebAPI.csproj", "{7447AF75-067E-4F15-A3CF-1211EEF9AB86}"
EndProject
Global
	GlobalSection(SolutionConfigurationPlatforms) = preSolution
		Debug|Any CPU = Debug|Any CPU
		Release|Any CPU = Release|Any CPU
	EndGlobalSection
	GlobalSection(ProjectConfigurationPlatforms) = postSolution
		{7447AF75-067E-4F15-A3CF-1211EEF9AB86}.Debug|Any CPU.ActiveCfg = Debug|Any CPU
		{7447AF75-067E-4F15-A3CF-1211EEF9AB86}.Debug|Any CPU.Build.0 = Debug|Any CPU
		{7447AF75-067E-4F15-A3CF-1211EEF9AB86}.Release|Any CPU.ActiveCfg = Release|Any CPU
		{7447AF75-067E-4F15-A3CF-1211EEF9AB86}.Release|Any CPU.Build.0 = Release|Any CPU
	EndGlobalSection
	GlobalSection(SolutionProperties) = preSolution
		HideSolutionNode = FALSE
	EndGlobalSection
	GlobalSection(ExtensibilityGlobals) = postSolution
		SolutionGuid = {6F83454F-D3BC-46FD-9121-BA94A2DDD26C}
	EndGlobalSection
EndGlobal
