
Microsoft Visual Studio Solution File, Format Version 12.00
# Visual Studio Version 17
VisualStudioVersion = 17.2.32519.379
MinimumVisualStudioVersion = 10.0.40219.1
Project("{FAE04EC0-301F-11D3-BF4B-00C04F79EFBC}") = "ApiAdocao", "ApiAdocao\ApiAdocao.csproj", "{C91E01F7-F70C-42D1-831B-998EFAF63CEE}"
EndProject
Global
	GlobalSection(SolutionConfigurationPlatforms) = preSolution
		Debug|Any CPU = Debug|Any CPU
		Release|Any CPU = Release|Any CPU
	EndGlobalSection
	GlobalSection(ProjectConfigurationPlatforms) = postSolution
		{C91E01F7-F70C-42D1-831B-998EFAF63CEE}.Debug|Any CPU.ActiveCfg = Debug|Any CPU
		{C91E01F7-F70C-42D1-831B-998EFAF63CEE}.Debug|Any CPU.Build.0 = Debug|Any CPU
		{C91E01F7-F70C-42D1-831B-998EFAF63CEE}.Release|Any CPU.ActiveCfg = Release|Any CPU
		{C91E01F7-F70C-42D1-831B-998EFAF63CEE}.Release|Any CPU.Build.0 = Release|Any CPU
	EndGlobalSection
	GlobalSection(SolutionProperties) = preSolution
		HideSolutionNode = FALSE
	EndGlobalSection
	GlobalSection(ExtensibilityGlobals) = postSolution
		SolutionGuid = {9BA987B9-7EB8-423A-8EB3-5BA8FA9D823A}
	EndGlobalSection
EndGlobal
